{
  "name": "commander-proxi",
  "version": "1.0",
  "lockfileVersion": 3,
  "requires": true,
  "packages": {
    "": {
      "devDependencies": {
        "eslint": "^8.36.0",
        "prettier": "^2.8.4"
      },
      "engines": {
        "node": ">=16.0.0",
        "npm": ">=7.0.0"
      }
    },
    "node_modules/@eslint-community/eslint-utils": {
      "version": "4.4.0",
      "resolved": "https://registry.npmjs.org/@eslint-community/eslint-utils/-/eslint-utils-4.4.0.tgz",
      "integrity": "sha512-1/sA4dwrzBAyeUoQ6oxahHKmrZvsnLCg4RfxW3ZFGGmQkSNQPFNLV9CUEFQP1x9EYXHTo5p6xdhZM1Ne9p/AfA==",
      "dev": true,
      "dependencies": {
        "eslint-visitor-keys": "^3.3.0"
      },
      "engines": {
        "node": "^12.22.0 || ^14.17.0 || >=16.0.0"
      },
      "peerDependencies": {
        "eslint": "^6.0.0 || ^7.0.0 || >=8.0.0"
      }
    },
    "node_modules/@eslint-community/regexpp": {
      "version": "4.5.0",
      "resolved": "https://registry.npmjs.org/@eslint-community/regexpp/-/regexpp-4.5.0.tgz",
      "integrity": "sha512-vITaYzIcNmjn5tF5uxcZ/ft7/RXGrMUIS9HalWckEOF6ESiwXKoMzAQf2UW0aVd6rnOeExTJVd5hmWXucBKGXQ==",
      "dev": true,
      "engines": {
        "node": "^12.0.0 || ^14.0.0 || >=16.0.0"
      }
    },
    "node_modules/@eslint/eslintrc": {
      "version": "2.0.2",
      "resolved": "https://registry.npmjs.org/@eslint/eslintrc/-/eslintrc-2.0.2.tgz",
      "integrity": "sha512-3W4f5tDUra+pA+FzgugqL2pRimUTDJWKr7BINqOpkZrC0uYI0NIc0/JFgBROCU07HR6GieA5m3/rsPIhDmCXTQ==",
      "dev": true,
      "dependencies": {
        "ajv": "^6.12.4",
        "debug": "^4.3.2",
        "espree": "^9.5.1",
        "globals": "^13.19.0",
        "ignore": "^5.2.0",
        "import-fresh": "^3.2.1",
        "js-yaml": "^4.1.0",
        "minimatch": "^3.1.2",
        "strip-json-comments": "^3.1.1"
      },
      "engines": {
        "node": "^12.22.0 || ^14.17.0 || >=16.0.0"
      },
      "funding": {
        "url": "https://opencollective.com/eslint"
      }
    },
    "node_modules/@eslint/js": {
      "version": "8.38.0",
      "resolved": "https://registry.npmjs.org/@eslint/js/-/js-8.38.0.tgz",
      "integrity": "sha512-IoD2MfUnOV58ghIHCiil01PcohxjbYR/qCxsoC+xNgUwh1EY8jOOrYmu3d3a71+tJJ23uscEV4X2HJWMsPJu4g==",
      "dev": true,
      "engines": {
        "node": "^12.22.0 || ^14.17.0 || >=16.0.0"
      }
    },
    "node_modules/@humanwhocodes/config-array": {
      "version": "0.11.8",
      "resolved": "https://registry.npmjs.org/@humanwhocodes/config-array/-/config-array-0.11.8.tgz",
      "integrity": "sha512-UybHIJzJnR5Qc/MsD9Kr+RpO2h+/P1GhOwdiLPXK5TWk5sgTdu88bTD9UP+CKbPPh5Rni1u0GjAdYQLemG8g+g==",
      "dev": true,
      "dependencies": {
        "@humanwhocodes/object-schema": "^1.2.1",
        "debug": "^4.1.1",
        "minimatch": "^3.0.5"
      },
      "engines": {
        "node": ">=10.10.0"
      }
    },
    "node_modules/@humanwhocodes/module-importer": {
      "version": "1.0.1",
      "resolved": "https://registry.npmjs.org/@humanwhocodes/module-importer/-/module-importer-1.0.1.tgz",
      "integrity": "sha512-bxveV4V8v5Yb4ncFTT3rPSgZBOpCkjfK0y4oVVVJwIuDVBRMDXrPyXRL988i5ap9m9bnyEEjWfm5WkBmtffLfA==",
      "dev": true,
      "engines": {
        "node": ">=12.22"
      },
      "funding": {
        "type": "github",
        "url": "https://github.com/sponsors/nzakas"
      }
    },
    "node_modules/@humanwhocodes/object-schema": {
      "version": "1.2.1",
      "resolved": "https://registry.npmjs.org/@humanwhocodes/object-schema/-/object-schema-1.2.1.tgz",
      "integrity": "sha512-ZnQMnLV4e7hDlUvw8H+U8ASL02SS2Gn6+9Ac3wGGLIe7+je2AeAOxPY+izIPJDfFDb7eDjev0Us8MO1iFRN8hA==",
      "dev": true
    },
    "node_modules/@nodelib/fs.scandir": {
      "version": "2.1.5",
      "resolved": "https://registry.npmjs.org/@nodelib/fs.scandir/-/fs.scandir-2.1.5.tgz",
      "integrity": "sha512-vq24Bq3ym5HEQm2NKCr3yXDwjc7vTsEThRDnkp2DK9p1uqLR+DHurm/NOTo0KG7HYHU7eppKZj3MyqYuMBf62g==",
      "dev": true,
      "dependencies": {
        "@nodelib/fs.stat": "2.0.5",
        "run-parallel": "^1.1.9"
      },
      "engines": {
        "node": ">= 8"
      }
    },
    "node_modules/@nodelib/fs.stat": {
      "version": "2.0.5",
      "resolved": "https://registry.npmjs.org/@nodelib/fs.stat/-/fs.stat-2.0.5.tgz",
      "integrity": "sha512-RkhPPp2zrqDAQA/2jNhnztcPAlv64XdhIp7a7454A5ovI7Bukxgt7MX7udwAu3zg1DcpPU0rz3VV1SeaqvY4+A==",
      "dev": true,
      "engines": {
        "node": ">= 8"
      }
    },
    "node_modules/@titaniumnetwork-dev/ultraviolet": {
      "version": "1.0.11",
      "resolved": "https://registry.npmjs.org/@titaniumnetwork-dev/ultraviolet/-/ultraviolet-1.0.11.tgz",
      "integrity": "sha512-FJtZw/xQubrgk8pJLs5wx9k6okCGZPR7FXWXTiL5wOiCvjqgDQCmHBTb7M5eYqnQil05tbaz92+16Ki/7rRWIw==",
      "dependencies": {
        "@tomphttp/bare-client": "^1.1.2-beta.3",
        "css-tree": "^2.0.4",
        "esotope-hammerhead": "^0.6.1",
        "events": "^3.3.0",
        "idb": "^7.1.1",
        "meriyah": "^4.3.3",
        "mime-db": "^1.51.0",
        "parse5": "^7.1.2",
        "set-cookie-parser": "^2.4.8"
      }
    },
    "node_modules/@tomphttp/bare-client": {
      "version": "1.1.2-beta.3",
      "resolved": "https://registry.npmjs.org/@tomphttp/bare-client/-/bare-client-1.1.2-beta.3.tgz",
      "integrity": "sha512-WyIVnSAqzfrLejmOhh/l/LtDOeK+SHnBGi/z+QyliVP1T1JxoNE5eecwxlV+osM9J6FTAYVGNHr8/5bubaIj6Q=="
    },
    "node_modules/@tomphttp/bare-server-node": {
      "version": "1.2.5",
      "resolved": "https://registry.npmjs.org/@tomphttp/bare-server-node/-/bare-server-node-1.2.5.tgz",
      "integrity": "sha512-qe76XM3nhDLDSIDZ0tblUsiBdgcqakjvBmXgrarXBH/Wul5AtE3BnK+/j7+BWEwJNZfgwL8uGL8IJjVG/iZH1A==",
      "dependencies": {
        "async-exit-hook": "^2.0.1",
        "commander": "^9.4.1",
        "dotenv": "^16.0.3",
        "headers-polyfill": "^3.1.2",
        "http-errors": "^2.0.0",
        "ipaddr.js": "^2.0.1",
        "source-map-support": "^0.5.21"
      },
      "bin": {
        "bare-server-node": "bin.js"
      },
      "engines": {
        "node": ">=18.0.0"
      }
    },
